// !$*UTF8*$!
{
	archiveVersion = 1;
	classes = {
	};
	objectVersion = 56;
	objects = {

/* Begin PBXBuildFile section */
		0332D5282A3600BB003952B3 /* SearchBar.swift in Sources */ = {isa = PBXBuildFile; fileRef = 0332D5272A3600BB003952B3 /* SearchBar.swift */; };
		03A755392A12850800AF95BB /* ClockApp.swift in Sources */ = {isa = PBXBuildFile; fileRef = 03A755382A12850800AF95BB /* ClockApp.swift */; };
		03A7553B2A12850800AF95BB /* ContentView.swift in Sources */ = {isa = PBXBuildFile; fileRef = 03A7553A2A12850800AF95BB /* ContentView.swift */; };
		03A7553D2A12850900AF95BB /* Assets.xcassets in Resources */ = {isa = PBXBuildFile; fileRef = 03A7553C2A12850900AF95BB /* Assets.xcassets */; };
		03A755402A12850900AF95BB /* Preview Assets.xcassets in Resources */ = {isa = PBXBuildFile; fileRef = 03A7553F2A12850900AF95BB /* Preview Assets.xcassets */; };
		03A7554A2A12850900AF95BB /* ClockTests.swift in Sources */ = {isa = PBXBuildFile; fileRef = 03A755492A12850900AF95BB /* ClockTests.swift */; };
		03A755542A12850900AF95BB /* ClockUITests.swift in Sources */ = {isa = PBXBuildFile; fileRef = 03A755532A12850900AF95BB /* ClockUITests.swift */; };
		03A755562A12850900AF95BB /* ClockUITestsLaunchTests.swift in Sources */ = {isa = PBXBuildFile; fileRef = 03A755552A12850900AF95BB /* ClockUITestsLaunchTests.swift */; };
		03A755632A12862300AF95BB /* AlarmView.swift in Sources */ = {isa = PBXBuildFile; fileRef = 03A755622A12862300AF95BB /* AlarmView.swift */; };
		03A755692A13B84500AF95BB /* AlarmListView.swift in Sources */ = {isa = PBXBuildFile; fileRef = 03A755682A13B84500AF95BB /* AlarmListView.swift */; };
		03A7556B2A13E8D500AF95BB /* AddAlarmView.swift in Sources */ = {isa = PBXBuildFile; fileRef = 03A7556A2A13E8D500AF95BB /* AddAlarmView.swift */; };
		03A7556D2A1475A100AF95BB /* RepeatView.swift in Sources */ = {isa = PBXBuildFile; fileRef = 03A7556C2A1475A100AF95BB /* RepeatView.swift */; };
		03A7556F2A14761C00AF95BB /* SoundView.swift in Sources */ = {isa = PBXBuildFile; fileRef = 03A7556E2A14761C00AF95BB /* SoundView.swift */; };
		03A755752A14B1F600AF95BB /* Ringtones.swift in Sources */ = {isa = PBXBuildFile; fileRef = 03A755742A14B1F600AF95BB /* Ringtones.swift */; };
		03A755772A14B2E800AF95BB /* VibrationView.swift in Sources */ = {isa = PBXBuildFile; fileRef = 03A755762A14B2E800AF95BB /* VibrationView.swift */; };
		03A755802A1E2E5700AF95BB /* Alarm.swift in Sources */ = {isa = PBXBuildFile; fileRef = 03A7557F2A1E2E5700AF95BB /* Alarm.swift */; };
		03A755822A24D41B00AF95BB /* WorldClockView.swift in Sources */ = {isa = PBXBuildFile; fileRef = 03A755812A24D41B00AF95BB /* WorldClockView.swift */; };
		03A755842A24D58300AF95BB /* AddWorldClockView.swift in Sources */ = {isa = PBXBuildFile; fileRef = 03A755832A24D58300AF95BB /* AddWorldClockView.swift */; };
		03A755862A260B7F00AF95BB /* WorldClock.swift in Sources */ = {isa = PBXBuildFile; fileRef = 03A755852A260B7E00AF95BB /* WorldClock.swift */; };
/* End PBXBuildFile section */

/* Begin PBXContainerItemProxy section */
		03A755462A12850900AF95BB /* PBXContainerItemProxy */ = {
			isa = PBXContainerItemProxy;
			containerPortal = 03A7552D2A12850800AF95BB /* Project object */;
			proxyType = 1;
			remoteGlobalIDString = 03A755342A12850800AF95BB;
			remoteInfo = Clock;
		};
		03A755502A12850900AF95BB /* PBXContainerItemProxy */ = {
			isa = PBXContainerItemProxy;
			containerPortal = 03A7552D2A12850800AF95BB /* Project object */;
			proxyType = 1;
			remoteGlobalIDString = 03A755342A12850800AF95BB;
			remoteInfo = Clock;
		};
/* End PBXContainerItemProxy section */

/* Begin PBXFileReference section */
		0332D5272A3600BB003952B3 /* SearchBar.swift */ = {isa = PBXFileReference; lastKnownFileType = sourcecode.swift; path = SearchBar.swift; sourceTree = "<group>"; };
		03A755352A12850800AF95BB /* Clock.app */ = {isa = PBXFileReference; explicitFileType = wrapper.application; includeInIndex = 0; path = Clock.app; sourceTree = BUILT_PRODUCTS_DIR; };
		03A755382A12850800AF95BB /* ClockApp.swift */ = {isa = PBXFileReference; lastKnownFileType = sourcecode.swift; path = ClockApp.swift; sourceTree = "<group>"; };
		03A7553A2A12850800AF95BB /* ContentView.swift */ = {isa = PBXFileReference; lastKnownFileType = sourcecode.swift; path = ContentView.swift; sourceTree = "<group>"; };
		03A7553C2A12850900AF95BB /* Assets.xcassets */ = {isa = PBXFileReference; lastKnownFileType = folder.assetcatalog; path = Assets.xcassets; sourceTree = "<group>"; };
		03A7553F2A12850900AF95BB /* Preview Assets.xcassets */ = {isa = PBXFileReference; lastKnownFileType = folder.assetcatalog; path = "Preview Assets.xcassets"; sourceTree = "<group>"; };
		03A755452A12850900AF95BB /* ClockTests.xctest */ = {isa = PBXFileReference; explicitFileType = wrapper.cfbundle; includeInIndex = 0; path = ClockTests.xctest; sourceTree = BUILT_PRODUCTS_DIR; };
		03A755492A12850900AF95BB /* ClockTests.swift */ = {isa = PBXFileReference; lastKnownFileType = sourcecode.swift; path = ClockTests.swift; sourceTree = "<group>"; };
		03A7554F2A12850900AF95BB /* ClockUITests.xctest */ = {isa = PBXFileReference; explicitFileType = wrapper.cfbundle; includeInIndex = 0; path = ClockUITests.xctest; sourceTree = BUILT_PRODUCTS_DIR; };
		03A755532A12850900AF95BB /* ClockUITests.swift */ = {isa = PBXFileReference; lastKnownFileType = sourcecode.swift; path = ClockUITests.swift; sourceTree = "<group>"; };
		03A755552A12850900AF95BB /* ClockUITestsLaunchTests.swift */ = {isa = PBXFileReference; lastKnownFileType = sourcecode.swift; path = ClockUITestsLaunchTests.swift; sourceTree = "<group>"; };
		03A755622A12862300AF95BB /* AlarmView.swift */ = {isa = PBXFileReference; lastKnownFileType = sourcecode.swift; path = AlarmView.swift; sourceTree = "<group>"; };
		03A755682A13B84500AF95BB /* AlarmListView.swift */ = {isa = PBXFileReference; lastKnownFileType = sourcecode.swift; path = AlarmListView.swift; sourceTree = "<group>"; };
		03A7556A2A13E8D500AF95BB /* AddAlarmView.swift */ = {isa = PBXFileReference; lastKnownFileType = sourcecode.swift; path = AddAlarmView.swift; sourceTree = "<group>"; };
		03A7556C2A1475A100AF95BB /* RepeatView.swift */ = {isa = PBXFileReference; lastKnownFileType = sourcecode.swift; path = RepeatView.swift; sourceTree = "<group>"; };
		03A7556E2A14761C00AF95BB /* SoundView.swift */ = {isa = PBXFileReference; lastKnownFileType = sourcecode.swift; path = SoundView.swift; sourceTree = "<group>"; };
		03A755742A14B1F600AF95BB /* Ringtones.swift */ = {isa = PBXFileReference; lastKnownFileType = sourcecode.swift; path = Ringtones.swift; sourceTree = "<group>"; };
		03A755762A14B2E800AF95BB /* VibrationView.swift */ = {isa = PBXFileReference; lastKnownFileType = sourcecode.swift; path = VibrationView.swift; sourceTree = "<group>"; };
		03A7557F2A1E2E5700AF95BB /* Alarm.swift */ = {isa = PBXFileReference; lastKnownFileType = sourcecode.swift; path = Alarm.swift; sourceTree = "<group>"; };
		03A755812A24D41B00AF95BB /* WorldClockView.swift */ = {isa = PBXFileReference; lastKnownFileType = sourcecode.swift; path = WorldClockView.swift; sourceTree = "<group>"; };
		03A755832A24D58300AF95BB /* AddWorldClockView.swift */ = {isa = PBXFileReference; lastKnownFileType = sourcecode.swift; path = AddWorldClockView.swift; sourceTree = "<group>"; };
		03A755852A260B7E00AF95BB /* WorldClock.swift */ = {isa = PBXFileReference; lastKnownFileType = sourcecode.swift; path = WorldClock.swift; sourceTree = "<group>"; };
/* End PBXFileReference section */

/* Begin PBXFrameworksBuildPhase section */
		03A755322A12850800AF95BB /* Frameworks */ = {
			isa = PBXFrameworksBuildPhase;
			buildActionMask = 2147483647;
			files = (
			);
			runOnlyForDeploymentPostprocessing = 0;
		};
		03A755422A12850900AF95BB /* Frameworks */ = {
			isa = PBXFrameworksBuildPhase;
			buildActionMask = 2147483647;
			files = (
			);
			runOnlyForDeploymentPostprocessing = 0;
		};
		03A7554C2A12850900AF95BB /* Frameworks */ = {
			isa = PBXFrameworksBuildPhase;
			buildActionMask = 2147483647;
			files = (
			);
			runOnlyForDeploymentPostprocessing = 0;
		};
/* End PBXFrameworksBuildPhase section */

/* Begin PBXGroup section */
		03A7552C2A12850800AF95BB = {
			isa = PBXGroup;
			children = (
				03A755372A12850800AF95BB /* Clock */,
				03A755482A12850900AF95BB /* ClockTests */,
				03A755522A12850900AF95BB /* ClockUITests */,
				03A755362A12850800AF95BB /* Products */,
			);
			sourceTree = "<group>";
		};
		03A755362A12850800AF95BB /* Products */ = {
			isa = PBXGroup;
			children = (
				03A755352A12850800AF95BB /* Clock.app */,
				03A755452A12850900AF95BB /* ClockTests.xctest */,
				03A7554F2A12850900AF95BB /* ClockUITests.xctest */,
			);
			name = Products;
			sourceTree = "<group>";
		};
		03A755372A12850800AF95BB /* Clock */ = {
			isa = PBXGroup;
			children = (
				03A755382A12850800AF95BB /* ClockApp.swift */,
				03A755732A14A72B00AF95BB /* Views */,
				03A755722A14A71900AF95BB /* Models */,
				03A7553C2A12850900AF95BB /* Assets.xcassets */,
				03A7553E2A12850900AF95BB /* Preview Content */,
			);
			path = Clock;
			sourceTree = "<group>";
		};
		03A7553E2A12850900AF95BB /* Preview Content */ = {
			isa = PBXGroup;
			children = (
				03A7553F2A12850900AF95BB /* Preview Assets.xcassets */,
			);
			path = "Preview Content";
			sourceTree = "<group>";
		};
		03A755482A12850900AF95BB /* ClockTests */ = {
			isa = PBXGroup;
			children = (
				03A755492A12850900AF95BB /* ClockTests.swift */,
			);
			path = ClockTests;
			sourceTree = "<group>";
		};
		03A755522A12850900AF95BB /* ClockUITests */ = {
			isa = PBXGroup;
			children = (
				03A755532A12850900AF95BB /* ClockUITests.swift */,
				03A755552A12850900AF95BB /* ClockUITestsLaunchTests.swift */,
			);
			path = ClockUITests;
			sourceTree = "<group>";
		};
		03A755722A14A71900AF95BB /* Models */ = {
			isa = PBXGroup;
			children = (
				03A755742A14B1F600AF95BB /* Ringtones.swift */,
				03A7557F2A1E2E5700AF95BB /* Alarm.swift */,
				03A755852A260B7E00AF95BB /* WorldClock.swift */,
			);
			path = Models;
			sourceTree = "<group>";
		};
		03A755732A14A72B00AF95BB /* Views */ = {
			isa = PBXGroup;
			children = (
				03A7553A2A12850800AF95BB /* ContentView.swift */,
				03A755622A12862300AF95BB /* AlarmView.swift */,
				03A755812A24D41B00AF95BB /* WorldClockView.swift */,
				03A755832A24D58300AF95BB /* AddWorldClockView.swift */,
				03A755682A13B84500AF95BB /* AlarmListView.swift */,
				03A7556A2A13E8D500AF95BB /* AddAlarmView.swift */,
				03A7556E2A14761C00AF95BB /* SoundView.swift */,
				03A7556C2A1475A100AF95BB /* RepeatView.swift */,
				03A755762A14B2E800AF95BB /* VibrationView.swift */,
				0332D5272A3600BB003952B3 /* SearchBar.swift */,
			);
			path = Views;
			sourceTree = "<group>";
		};
/* End PBXGroup section */

/* Begin PBXNativeTarget section */
		03A755342A12850800AF95BB /* Clock */ = {
			isa = PBXNativeTarget;
			buildConfigurationList = 03A755592A12850900AF95BB /* Build configuration list for PBXNativeTarget "Clock" */;
			buildPhases = (
				03A755312A12850800AF95BB /* Sources */,
				03A755322A12850800AF95BB /* Frameworks */,
				03A755332A12850800AF95BB /* Resources */,
			);
			buildRules = (
			);
			dependencies = (
			);
			name = Clock;
			productName = Clock;
			productReference = 03A755352A12850800AF95BB /* Clock.app */;
			productType = "com.apple.product-type.application";
		};
		03A755442A12850900AF95BB /* ClockTests */ = {
			isa = PBXNativeTarget;
			buildConfigurationList = 03A7555C2A12850900AF95BB /* Build configuration list for PBXNativeTarget "ClockTests" */;
			buildPhases = (
				03A755412A12850900AF95BB /* Sources */,
				03A755422A12850900AF95BB /* Frameworks */,
				03A755432A12850900AF95BB /* Resources */,
			);
			buildRules = (
			);
			dependencies = (
				03A755472A12850900AF95BB /* PBXTargetDependency */,
			);
			name = ClockTests;
			productName = ClockTests;
			productReference = 03A755452A12850900AF95BB /* ClockTests.xctest */;
			productType = "com.apple.product-type.bundle.unit-test";
		};
		03A7554E2A12850900AF95BB /* ClockUITests */ = {
			isa = PBXNativeTarget;
			buildConfigurationList = 03A7555F2A12850900AF95BB /* Build configuration list for PBXNativeTarget "ClockUITests" */;
			buildPhases = (
				03A7554B2A12850900AF95BB /* Sources */,
				03A7554C2A12850900AF95BB /* Frameworks */,
				03A7554D2A12850900AF95BB /* Resources */,
			);
			buildRules = (
			);
			dependencies = (
				03A755512A12850900AF95BB /* PBXTargetDependency */,
			);
			name = ClockUITests;
			productName = ClockUITests;
			productReference = 03A7554F2A12850900AF95BB /* ClockUITests.xctest */;
			productType = "com.apple.product-type.bundle.ui-testing";
		};
/* End PBXNativeTarget section */

/* Begin PBXProject section */
		03A7552D2A12850800AF95BB /* Project object */ = {
			isa = PBXProject;
			attributes = {
				BuildIndependentTargetsInParallel = 1;
				LastSwiftUpdateCheck = 1430;
				LastUpgradeCheck = 1430;
				TargetAttributes = {
					03A755342A12850800AF95BB = {
						CreatedOnToolsVersion = 14.3;
					};
					03A755442A12850900AF95BB = {
						CreatedOnToolsVersion = 14.3;
						TestTargetID = 03A755342A12850800AF95BB;
					};
					03A7554E2A12850900AF95BB = {
						CreatedOnToolsVersion = 14.3;
						TestTargetID = 03A755342A12850800AF95BB;
					};
				};
			};
			buildConfigurationList = 03A755302A12850800AF95BB /* Build configuration list for PBXProject "Clock" */;
			compatibilityVersion = "Xcode 14.0";
			developmentRegion = en;
			hasScannedForEncodings = 0;
			knownRegions = (
				en,
				Base,
			);
			mainGroup = 03A7552C2A12850800AF95BB;
			productRefGroup = 03A755362A12850800AF95BB /* Products */;
			projectDirPath = "";
			projectRoot = "";
			targets = (
				03A755342A12850800AF95BB /* Clock */,
				03A755442A12850900AF95BB /* ClockTests */,
				03A7554E2A12850900AF95BB /* ClockUITests */,
			);
		};
/* End PBXProject section */

/* Begin PBXResourcesBuildPhase section */
		03A755332A12850800AF95BB /* Resources */ = {
			isa = PBXResourcesBuildPhase;
			buildActionMask = 2147483647;
			files = (
				03A755402A12850900AF95BB /* Preview Assets.xcassets in Resources */,
				03A7553D2A12850900AF95BB /* Assets.xcassets in Resources */,
			);
			runOnlyForDeploymentPostprocessing = 0;
		};
		03A755432A12850900AF95BB /* Resources */ = {
			isa = PBXResourcesBuildPhase;
			buildActionMask = 2147483647;
			files = (
			);
			runOnlyForDeploymentPostprocessing = 0;
		};
		03A7554D2A12850900AF95BB /* Resources */ = {
			isa = PBXResourcesBuildPhase;
			buildActionMask = 2147483647;
			files = (
			);
			runOnlyForDeploymentPostprocessing = 0;
		};
/* End PBXResourcesBuildPhase section */

/* Begin PBXSourcesBuildPhase section */
		03A755312A12850800AF95BB /* Sources */ = {
			isa = PBXSourcesBuildPhase;
			buildActionMask = 2147483647;
			files = (
				03A7556B2A13E8D500AF95BB /* AddAlarmView.swift in Sources */,
				03A7553B2A12850800AF95BB /* ContentView.swift in Sources */,
				03A755862A260B7F00AF95BB /* WorldClock.swift in Sources */,
				03A755632A12862300AF95BB /* AlarmView.swift in Sources */,
				03A7556F2A14761C00AF95BB /* SoundView.swift in Sources */,
				03A755772A14B2E800AF95BB /* VibrationView.swift in Sources */,
				03A7556D2A1475A100AF95BB /* RepeatView.swift in Sources */,
				0332D5282A3600BB003952B3 /* SearchBar.swift in Sources */,
				03A755752A14B1F600AF95BB /* Ringtones.swift in Sources */,
				03A755692A13B84500AF95BB /* AlarmListView.swift in Sources */,
				03A755392A12850800AF95BB /* ClockApp.swift in Sources */,
				03A755822A24D41B00AF95BB /* WorldClockView.swift in Sources */,
				03A755802A1E2E5700AF95BB /* Alarm.swift in Sources */,
				03A755842A24D58300AF95BB /* AddWorldClockView.swift in Sources */,
			);
			runOnlyForDeploymentPostprocessing = 0;
		};
		03A755412A12850900AF95BB /* Sources */ = {
			isa = PBXSourcesBuildPhase;
			buildActionMask = 2147483647;
			files = (
				03A7554A2A12850900AF95BB /* ClockTests.swift in Sources */,
			);
			runOnlyForDeploymentPostprocessing = 0;
		};
		03A7554B2A12850900AF95BB /* Sources */ = {
			isa = PBXSourcesBuildPhase;
			buildActionMask = 2147483647;
			files = (
				03A755542A12850900AF95BB /* ClockUITests.swift in Sources */,
				03A755562A12850900AF95BB /* ClockUITestsLaunchTests.swift in Sources */,
			);
			runOnlyForDeploymentPostprocessing = 0;
		};
/* End PBXSourcesBuildPhase section */

/* Begin PBXTargetDependency section */
		03A755472A12850900AF95BB /* PBXTargetDependency */ = {
			isa = PBXTargetDependency;
			target = 03A755342A12850800AF95BB /* Clock */;
			targetProxy = 03A755462A12850900AF95BB /* PBXContainerItemProxy */;
		};
		03A755512A12850900AF95BB /* PBXTargetDependency */ = {
			isa = PBXTargetDependency;
			target = 03A755342A12850800AF95BB /* Clock */;
			targetProxy = 03A755502A12850900AF95BB /* PBXContainerItemProxy */;
		};
/* End PBXTargetDependency section */

/* Begin XCBuildConfiguration section */
		03A755572A12850900AF95BB /* Debug */ = {
			isa = XCBuildConfiguration;
			buildSettings = {
				ALWAYS_SEARCH_USER_PATHS = NO;
				CLANG_ANALYZER_NONNULL = YES;
				CLANG_ANALYZER_NUMBER_OBJECT_CONVERSION = YES_AGGRESSIVE;
				CLANG_CXX_LANGUAGE_STANDARD = "gnu++20";
				CLANG_ENABLE_MODULES = YES;
				CLANG_ENABLE_OBJC_ARC = YES;
				CLANG_ENABLE_OBJC_WEAK = YES;
				CLANG_WARN_BLOCK_CAPTURE_AUTORELEASING = YES;
				CLANG_WARN_BOOL_CONVERSION = YES;
				CLANG_WARN_COMMA = YES;
				CLANG_WARN_CONSTANT_CONVERSION = YES;
				CLANG_WARN_DEPRECATED_OBJC_IMPLEMENTATIONS = YES;
				CLANG_WARN_DIRECT_OBJC_ISA_USAGE = YES_ERROR;
				CLANG_WARN_DOCUMENTATION_COMMENTS = YES;
				CLANG_WARN_EMPTY_BODY = YES;
				CLANG_WARN_ENUM_CONVERSION = YES;
				CLANG_WARN_INFINITE_RECURSION = YES;
				CLANG_WARN_INT_CONVERSION = YES;
				CLANG_WARN_NON_LITERAL_NULL_CONVERSION = YES;
				CLANG_WARN_OBJC_IMPLICIT_RETAIN_SELF = YES;
				CLANG_WARN_OBJC_LITERAL_CONVERSION = YES;
				CLANG_WARN_OBJC_ROOT_CLASS = YES_ERROR;
				CLANG_WARN_QUOTED_INCLUDE_IN_FRAMEWORK_HEADER = YES;
				CLANG_WARN_RANGE_LOOP_ANALYSIS = YES;
				CLANG_WARN_STRICT_PROTOTYPES = YES;
				CLANG_WARN_SUSPICIOUS_MOVE = YES;
				CLANG_WARN_UNGUARDED_AVAILABILITY = YES_AGGRESSIVE;
				CLANG_WARN_UNREACHABLE_CODE = YES;
				CLANG_WARN__DUPLICATE_METHOD_MATCH = YES;
				COPY_PHASE_STRIP = NO;
				DEBUG_INFORMATION_FORMAT = dwarf;
				ENABLE_STRICT_OBJC_MSGSEND = YES;
				ENABLE_TESTABILITY = YES;
				GCC_C_LANGUAGE_STANDARD = gnu11;
				GCC_DYNAMIC_NO_PIC = NO;
				GCC_NO_COMMON_BLOCKS = YES;
				GCC_OPTIMIZATION_LEVEL = 0;
				GCC_PREPROCESSOR_DEFINITIONS = (
					"DEBUG=1",
					"$(inherited)",
				);
				GCC_WARN_64_TO_32_BIT_CONVERSION = YES;
				GCC_WARN_ABOUT_RETURN_TYPE = YES_ERROR;
				GCC_WARN_UNDECLARED_SELECTOR = YES;
				GCC_WARN_UNINITIALIZED_AUTOS = YES_AGGRESSIVE;
				GCC_WARN_UNUSED_FUNCTION = YES;
				GCC_WARN_UNUSED_VARIABLE = YES;
				IPHONEOS_DEPLOYMENT_TARGET = 16.4;
				MTL_ENABLE_DEBUG_INFO = INCLUDE_SOURCE;
				MTL_FAST_MATH = YES;
				ONLY_ACTIVE_ARCH = YES;
				SDKROOT = iphoneos;
				SWIFT_ACTIVE_COMPILATION_CONDITIONS = DEBUG;
				SWIFT_OPTIMIZATION_LEVEL = "-Onone";
			};
			name = Debug;
		};
		03A755582A12850900AF95BB /* Release */ = {
			isa = XCBuildConfiguration;
			buildSettings = {
				ALWAYS_SEARCH_USER_PATHS = NO;
				CLANG_ANALYZER_NONNULL = YES;
				CLANG_ANALYZER_NUMBER_OBJECT_CONVERSION = YES_AGGRESSIVE;
				CLANG_CXX_LANGUAGE_STANDARD = "gnu++20";
				CLANG_ENABLE_MODULES = YES;
				CLANG_ENABLE_OBJC_ARC = YES;
				CLANG_ENABLE_OBJC_WEAK = YES;
				CLANG_WARN_BLOCK_CAPTURE_AUTORELEASING = YES;
				CLANG_WARN_BOOL_CONVERSION = YES;
				CLANG_WARN_COMMA = YES;
				CLANG_WARN_CONSTANT_CONVERSION = YES;
				CLANG_WARN_DEPRECATED_OBJC_IMPLEMENTATIONS = YES;
				CLANG_WARN_DIRECT_OBJC_ISA_USAGE = YES_ERROR;
				CLANG_WARN_DOCUMENTATION_COMMENTS = YES;
				CLANG_WARN_EMPTY_BODY = YES;
				CLANG_WARN_ENUM_CONVERSION = YES;
				CLANG_WARN_INFINITE_RECURSION = YES;
				CLANG_WARN_INT_CONVERSION = YES;
				CLANG_WARN_NON_LITERAL_NULL_CONVERSION = YES;
				CLANG_WARN_OBJC_IMPLICIT_RETAIN_SELF = YES;
				CLANG_WARN_OBJC_LITERAL_CONVERSION = YES;
				CLANG_WARN_OBJC_ROOT_CLASS = YES_ERROR;
				CLANG_WARN_QUOTED_INCLUDE_IN_FRAMEWORK_HEADER = YES;
				CLANG_WARN_RANGE_LOOP_ANALYSIS = YES;
				CLANG_WARN_STRICT_PROTOTYPES = YES;
				CLANG_WARN_SUSPICIOUS_MOVE = YES;
				CLANG_WARN_UNGUARDED_AVAILABILITY = YES_AGGRESSIVE;
				CLANG_WARN_UNREACHABLE_CODE = YES;
				CLANG_WARN__DUPLICATE_METHOD_MATCH = YES;
				COPY_PHASE_STRIP = NO;
				DEBUG_INFORMATION_FORMAT = "dwarf-with-dsym";
				ENABLE_NS_ASSERTIONS = NO;
				ENABLE_STRICT_OBJC_MSGSEND = YES;
				GCC_C_LANGUAGE_STANDARD = gnu11;
				GCC_NO_COMMON_BLOCKS = YES;
				GCC_WARN_64_TO_32_BIT_CONVERSION = YES;
				GCC_WARN_ABOUT_RETURN_TYPE = YES_ERROR;
				GCC_WARN_UNDECLARED_SELECTOR = YES;
				GCC_WARN_UNINITIALIZED_AUTOS = YES_AGGRESSIVE;
				GCC_WARN_UNUSED_FUNCTION = YES;
				GCC_WARN_UNUSED_VARIABLE = YES;
				IPHONEOS_DEPLOYMENT_TARGET = 16.4;
				MTL_ENABLE_DEBUG_INFO = NO;
				MTL_FAST_MATH = YES;
				SDKROOT = iphoneos;
				SWIFT_COMPILATION_MODE = wholemodule;
				SWIFT_OPTIMIZATION_LEVEL = "-O";
				VALIDATE_PRODUCT = YES;
			};
			name = Release;
		};
		03A7555A2A12850900AF95BB /* Debug */ = {
			isa = XCBuildConfiguration;
			buildSettings = {
				ASSETCATALOG_COMPILER_APPICON_NAME = AppIcon;
				ASSETCATALOG_COMPILER_GLOBAL_ACCENT_COLOR_NAME = AccentColor;
				CODE_SIGN_STYLE = Automatic;
				CURRENT_PROJECT_VERSION = 1;
				DEVELOPMENT_ASSET_PATHS = "\"Clock/Preview Content\"";
				DEVELOPMENT_TEAM = RFZY2ACQ74;
				ENABLE_PREVIEWS = YES;
				GENERATE_INFOPLIST_FILE = YES;
				INFOPLIST_KEY_UIApplicationSceneManifest_Generation = YES;
				INFOPLIST_KEY_UIApplicationSupportsIndirectInputEvents = YES;
				INFOPLIST_KEY_UILaunchScreen_Generation = YES;
				INFOPLIST_KEY_UISupportedInterfaceOrientations_iPad = "UIInterfaceOrientationPortrait UIInterfaceOrientationPortraitUpsideDown UIInterfaceOrientationLandscapeLeft UIInterfaceOrientationLandscapeRight";
				INFOPLIST_KEY_UISupportedInterfaceOrientations_iPhone = "UIInterfaceOrientationPortrait UIInterfaceOrientationLandscapeLeft UIInterfaceOrientationLandscapeRight";
				INFOPLIST_KEY_UIUserInterfaceStyle = Dark;
				LD_RUNPATH_SEARCH_PATHS = (
					"$(inherited)",
					"@executable_path/Frameworks",
				);
				MARKETING_VERSION = 1.0;
				PRODUCT_BUNDLE_IDENTIFIER = Miya.Clock;
				PRODUCT_NAME = "$(TARGET_NAME)";
				SWIFT_EMIT_LOC_STRINGS = YES;
				SWIFT_VERSION = 5.0;
				TARGETED_DEVICE_FAMILY = "1,2";
			};
			name = Debug;
		};
		03A7555B2A12850900AF95BB /* Release */ = {
			isa = XCBuildConfiguration;
			buildSettings = {
				ASSETCATALOG_COMPILER_APPICON_NAME = AppIcon;
				ASSETCATALOG_COMPILER_GLOBAL_ACCENT_COLOR_NAME = AccentColor;
				CODE_SIGN_STYLE = Automatic;
				CURRENT_PROJECT_VERSION = 1;
				DEVELOPMENT_ASSET_PATHS = "\"Clock/Preview Content\"";
				DEVELOPMENT_TEAM = RFZY2ACQ74;
				ENABLE_PREVIEWS = YES;
				GENERATE_INFOPLIST_FILE = YES;
				INFOPLIST_KEY_UIApplicationSceneManifest_Generation = YES;
				INFOPLIST_KEY_UIApplicationSupportsIndirectInputEvents = YES;
				INFOPLIST_KEY_UILaunchScreen_Generation = YES;
				INFOPLIST_KEY_UISupportedInterfaceOrientations_iPad = "UIInterfaceOrientationPortrait UIInterfaceOrientationPortraitUpsideDown UIInterfaceOrientationLandscapeLeft UIInterfaceOrientationLandscapeRight";
				INFOPLIST_KEY_UISupportedInterfaceOrientations_iPhone = "UIInterfaceOrientationPortrait UIInterfaceOrientationLandscapeLeft UIInterfaceOrientationLandscapeRight";
				INFOPLIST_KEY_UIUserInterfaceStyle = Dark;
				LD_RUNPATH_SEARCH_PATHS = (
					"$(inherited)",
					"@executable_path/Frameworks",
				);
				MARKETING_VERSION = 1.0;
				PRODUCT_BUNDLE_IDENTIFIER = Miya.Clock;
				PRODUCT_NAME = "$(TARGET_NAME)";
				SWIFT_EMIT_LOC_STRINGS = YES;
				SWIFT_VERSION = 5.0;
				TARGETED_DEVICE_FAMILY = "1,2";
			};
			name = Release;
		};
		03A7555D2A12850900AF95BB /* Debug */ = {
			isa = XCBuildConfiguration;
			buildSettings = {
				ALWAYS_EMBED_SWIFT_STANDARD_LIBRARIES = YES;
				BUNDLE_LOADER = "$(TEST_HOST)";
				CODE_SIGN_STYLE = Automatic;
				CURRENT_PROJECT_VERSION = 1;
				DEVELOPMENT_TEAM = RFZY2ACQ74;
				GENERATE_INFOPLIST_FILE = YES;
				IPHONEOS_DEPLOYMENT_TARGET = 16.4;
				MARKETING_VERSION = 1.0;
				PRODUCT_BUNDLE_IDENTIFIER = Miya.ClockTests;
				PRODUCT_NAME = "$(TARGET_NAME)";
				SWIFT_EMIT_LOC_STRINGS = NO;
				SWIFT_VERSION = 5.0;
				TARGETED_DEVICE_FAMILY = "1,2";
				TEST_HOST = "$(BUILT_PRODUCTS_DIR)/Clock.app/$(BUNDLE_EXECUTABLE_FOLDER_PATH)/Clock";
			};
			name = Debug;
		};
		03A7555E2A12850900AF95BB /* Release */ = {
			isa = XCBuildConfiguration;
			buildSettings = {
				ALWAYS_EMBED_SWIFT_STANDARD_LIBRARIES = YES;
				BUNDLE_LOADER = "$(TEST_HOST)";
				CODE_SIGN_STYLE = Automatic;
				CURRENT_PROJECT_VERSION = 1;
				DEVELOPMENT_TEAM = RFZY2ACQ74;
				GENERATE_INFOPLIST_FILE = YES;
				IPHONEOS_DEPLOYMENT_TARGET = 16.4;
				MARKETING_VERSION = 1.0;
				PRODUCT_BUNDLE_IDENTIFIER = Miya.ClockTests;
				PRODUCT_NAME = "$(TARGET_NAME)";
				SWIFT_EMIT_LOC_STRINGS = NO;
				SWIFT_VERSION = 5.0;
				TARGETED_DEVICE_FAMILY = "1,2";
				TEST_HOST = "$(BUILT_PRODUCTS_DIR)/Clock.app/$(BUNDLE_EXECUTABLE_FOLDER_PATH)/Clock";
			};
			name = Release;
		};
		03A755602A12850900AF95BB /* Debug */ = {
			isa = XCBuildConfiguration;
			buildSettings = {
				ALWAYS_EMBED_SWIFT_STANDARD_LIBRARIES = YES;
				CODE_SIGN_STYLE = Automatic;
				CURRENT_PROJECT_VERSION = 1;
				DEVELOPMENT_TEAM = RFZY2ACQ74;
				GENERATE_INFOPLIST_FILE = YES;
				MARKETING_VERSION = 1.0;
				PRODUCT_BUNDLE_IDENTIFIER = Miya.ClockUITests;
				PRODUCT_NAME = "$(TARGET_NAME)";
				SWIFT_EMIT_LOC_STRINGS = NO;
				SWIFT_VERSION = 5.0;
				TARGETED_DEVICE_FAMILY = "1,2";
				TEST_TARGET_NAME = Clock;
			};
			name = Debug;
		};
		03A755612A12850900AF95BB /* Release */ = {
			isa = XCBuildConfiguration;
			buildSettings = {
				ALWAYS_EMBED_SWIFT_STANDARD_LIBRARIES = YES;
				CODE_SIGN_STYLE = Automatic;
				CURRENT_PROJECT_VERSION = 1;
				DEVELOPMENT_TEAM = RFZY2ACQ74;
				GENERATE_INFOPLIST_FILE = YES;
				MARKETING_VERSION = 1.0;
				PRODUCT_BUNDLE_IDENTIFIER = Miya.ClockUITests;
				PRODUCT_NAME = "$(TARGET_NAME)";
				SWIFT_EMIT_LOC_STRINGS = NO;
				SWIFT_VERSION = 5.0;
				TARGETED_DEVICE_FAMILY = "1,2";
				TEST_TARGET_NAME = Clock;
			};
			name = Release;
		};
/* End XCBuildConfiguration section */

/* Begin XCConfigurationList section */
		03A755302A12850800AF95BB /* Build configuration list for PBXProject "Clock" */ = {
			isa = XCConfigurationList;
			buildConfigurations = (
				03A755572A12850900AF95BB /* Debug */,
				03A755582A12850900AF95BB /* Release */,
			);
			defaultConfigurationIsVisible = 0;
			defaultConfigurationName = Release;
		};
		03A755592A12850900AF95BB /* Build configuration list for PBXNativeTarget "Clock" */ = {
			isa = XCConfigurationList;
			buildConfigurations = (
				03A7555A2A12850900AF95BB /* Debug */,
				03A7555B2A12850900AF95BB /* Release */,
			);
			defaultConfigurationIsVisible = 0;
			defaultConfigurationName = Release;
		};
		03A7555C2A12850900AF95BB /* Build configuration list for PBXNativeTarget "ClockTests" */ = {
			isa = XCConfigurationList;
			buildConfigurations = (
				03A7555D2A12850900AF95BB /* Debug */,
				03A7555E2A12850900AF95BB /* Release */,
			);
			defaultConfigurationIsVisible = 0;
			defaultConfigurationName = Release;
		};
		03A7555F2A12850900AF95BB /* Build configuration list for PBXNativeTarget "ClockUITests" */ = {
			isa = XCConfigurationList;
			buildConfigurations = (
				03A755602A12850900AF95BB /* Debug */,
				03A755612A12850900AF95BB /* Release */,
			);
			defaultConfigurationIsVisible = 0;
			defaultConfigurationName = Release;
		};
/* End XCConfigurationList section */
	};
	rootObject = 03A7552D2A12850800AF95BB /* Project object */;
}
